
Microsoft Visual Studio Solution File, Format Version 12.00
# Visual Studio 15
VisualStudioVersion = 15.0.26621.2
MinimumVisualStudioVersion = 10.0.40219.1
Project("{FAE04EC0-301F-11D3-BF4B-00C04F79EFBC}") = "WarpMeIn", "WarpMeIn\WarpMeIn.csproj", "{B317A3E7-A0EA-45EF-A278-D99B1217258E}"
EndProject
Global
	GlobalSection(SolutionConfigurationPlatforms) = preSolution
		Debug|Any CPU = Debug|Any CPU
		Release|Any CPU = Release|Any CPU
	EndGlobalSection
	GlobalSection(ProjectConfigurationPlatforms) = postSolution
		{B317A3E7-A0EA-45EF-A278-D99B1217258E}.Debug|Any CPU.ActiveCfg = Debug|Any CPU
		{B317A3E7-A0EA-45EF-A278-D99B1217258E}.Debug|Any CPU.Build.0 = Debug|Any CPU
		{B317A3E7-A0EA-45EF-A278-D99B1217258E}.Release|Any CPU.ActiveCfg = Release|Any CPU
		{B317A3E7-A0EA-45EF-A278-D99B1217258E}.Release|Any CPU.Build.0 = Release|Any CPU
	EndGlobalSection
	GlobalSection(SolutionProperties) = preSolution
		HideSolutionNode = FALSE
	EndGlobalSection
	GlobalSection(ExtensibilityGlobals) = postSolution
		SolutionGuid = {D52FBB82-C027-48EF-89AB-AD3B283520BF}
	EndGlobalSection
EndGlobal
